// !$*UTF8*$!
{
	archiveVersion = 1;
	classes = {
	};
	objectVersion = 46;
	objects = {

/* Begin PBXBuildFile section */
		2970CF411D93C689004FDF86 /* AppDelegate.m in Sources */ = {isa = PBXBuildFile; fileRef = 2970CF401D93C689004FDF86 /* AppDelegate.m */; };
		2970CF441D93C689004FDF86 /* main.m in Sources */ = {isa = PBXBuildFile; fileRef = 2970CF431D93C689004FDF86 /* main.m */; };
		2970CF461D93C689004FDF86 /* Assets.xcassets in Resources */ = {isa = PBXBuildFile; fileRef = 2970CF451D93C689004FDF86 /* Assets.xcassets */; };
		2970CF491D93C689004FDF86 /* MainMenu.xib in Resources */ = {isa = PBXBuildFile; fileRef = 2970CF471D93C689004FDF86 /* MainMenu.xib */; };
		2970CF541D93C689004FDF86 /* CrashAnalyseToolUITests.m in Sources */ = {isa = PBXBuildFile; fileRef = 2970CF531D93C689004FDF86 /* CrashAnalyseToolUITests.m */; };
		2970CF601D93C7EE004FDF86 /* DragDropView.m in Sources */ = {isa = PBXBuildFile; fileRef = 2970CF5F1D93C7EE004FDF86 /* DragDropView.m */; };
		2970CF631D93C8FF004FDF86 /* MainWindowViewController.m in Sources */ = {isa = PBXBuildFile; fileRef = 2970CF621D93C8FF004FDF86 /* MainWindowViewController.m */; };
		2970CF651D93D027004FDF86 /* MainWindowViewController.xib in Resources */ = {isa = PBXBuildFile; fileRef = 2970CF641D93D027004FDF86 /* MainWindowViewController.xib */; };
/* End PBXBuildFile section */

/* Begin PBXContainerItemProxy section */
		2970CF501D93C689004FDF86 /* PBXContainerItemProxy */ = {
			isa = PBXContainerItemProxy;
			containerPortal = 2970CF341D93C689004FDF86 /* Project object */;
			proxyType = 1;
			remoteGlobalIDString = 2970CF3B1D93C689004FDF86;
			remoteInfo = CrashAnalyseTool;
		};
/* End PBXContainerItemProxy section */

/* Begin PBXFileReference section */
		2970CF3C1D93C689004FDF86 /* CrashAnalyseTool.app */ = {isa = PBXFileReference; explicitFileType = wrapper.application; includeInIndex = 0; path = CrashAnalyseTool.app; sourceTree = BUILT_PRODUCTS_DIR; };
		2970CF3F1D93C689004FDF86 /* AppDelegate.h */ = {isa = PBXFileReference; lastKnownFileType = sourcecode.c.h; path = AppDelegate.h; sourceTree = "<group>"; };
		2970CF401D93C689004FDF86 /* AppDelegate.m */ = {isa = PBXFileReference; lastKnownFileType = sourcecode.c.objc; path = AppDelegate.m; sourceTree = "<group>"; };
		2970CF431D93C689004FDF86 /* main.m */ = {isa = PBXFileReference; lastKnownFileType = sourcecode.c.objc; path = main.m; sourceTree = "<group>"; };
		2970CF451D93C689004FDF86 /* Assets.xcassets */ = {isa = PBXFileReference; lastKnownFileType = folder.assetcatalog; path = Assets.xcassets; sourceTree = "<group>"; };
		2970CF481D93C689004FDF86 /* Base */ = {isa = PBXFileReference; lastKnownFileType = file.xib; name = Base; path = Base.lproj/MainMenu.xib; sourceTree = "<group>"; };
		2970CF4A1D93C689004FDF86 /* Info.plist */ = {isa = PBXFileReference; lastKnownFileType = text.plist.xml; path = Info.plist; sourceTree = "<group>"; };
		2970CF4F1D93C689004FDF86 /* CrashAnalyseToolUITests.xctest */ = {isa = PBXFileReference; explicitFileType = wrapper.cfbundle; includeInIndex = 0; path = CrashAnalyseToolUITests.xctest; sourceTree = BUILT_PRODUCTS_DIR; };
		2970CF531D93C689004FDF86 /* CrashAnalyseToolUITests.m */ = {isa = PBXFileReference; lastKnownFileType = sourcecode.c.objc; path = CrashAnalyseToolUITests.m; sourceTree = "<group>"; };
		2970CF551D93C689004FDF86 /* Info.plist */ = {isa = PBXFileReference; lastKnownFileType = text.plist.xml; path = Info.plist; sourceTree = "<group>"; };
		2970CF5E1D93C7EE004FDF86 /* DragDropView.h */ = {isa = PBXFileReference; fileEncoding = 4; lastKnownFileType = sourcecode.c.h; path = DragDropView.h; sourceTree = "<group>"; };
		2970CF5F1D93C7EE004FDF86 /* DragDropView.m */ = {isa = PBXFileReference; fileEncoding = 4; lastKnownFileType = sourcecode.c.objc; path = DragDropView.m; sourceTree = "<group>"; };
		2970CF611D93C8FF004FDF86 /* MainWindowViewController.h */ = {isa = PBXFileReference; fileEncoding = 4; lastKnownFileType = sourcecode.c.h; path = MainWindowViewController.h; sourceTree = "<group>"; };
		2970CF621D93C8FF004FDF86 /* MainWindowViewController.m */ = {isa = PBXFileReference; fileEncoding = 4; lastKnownFileType = sourcecode.c.objc; path = MainWindowViewController.m; sourceTree = "<group>"; };
		2970CF641D93D027004FDF86 /* MainWindowViewController.xib */ = {isa = PBXFileReference; fileEncoding = 4; lastKnownFileType = file.xib; path = MainWindowViewController.xib; sourceTree = "<group>"; };
/* End PBXFileReference section */

/* Begin PBXFrameworksBuildPhase section */
		2970CF391D93C689004FDF86 /* Frameworks */ = {
			isa = PBXFrameworksBuildPhase;
			buildActionMask = 2147483647;
			files = (
			);
			runOnlyForDeploymentPostprocessing = 0;
		};
		2970CF4C1D93C689004FDF86 /* Frameworks */ = {
			isa = PBXFrameworksBuildPhase;
			buildActionMask = 2147483647;
			files = (
			);
			runOnlyForDeploymentPostprocessing = 0;
		};
/* End PBXFrameworksBuildPhase section */

/* Begin PBXGroup section */
		2970CF331D93C689004FDF86 = {
			isa = PBXGroup;
			children = (
				2970CF3E1D93C689004FDF86 /* CrashAnalyseTool */,
				2970CF521D93C689004FDF86 /* CrashAnalyseToolUITests */,
				2970CF3D1D93C689004FDF86 /* Products */,
			);
			sourceTree = "<group>";
		};
		2970CF3D1D93C689004FDF86 /* Products */ = {
			isa = PBXGroup;
			children = (
				2970CF3C1D93C689004FDF86 /* CrashAnalyseTool.app */,
				2970CF4F1D93C689004FDF86 /* CrashAnalyseToolUITests.xctest */,
			);
			name = Products;
			sourceTree = "<group>";
		};
		2970CF3E1D93C689004FDF86 /* CrashAnalyseTool */ = {
			isa = PBXGroup;
			children = (
				2970CF5E1D93C7EE004FDF86 /* DragDropView.h */,
				2970CF5F1D93C7EE004FDF86 /* DragDropView.m */,
				2970CF611D93C8FF004FDF86 /* MainWindowViewController.h */,
				2970CF621D93C8FF004FDF86 /* MainWindowViewController.m */,
				2970CF641D93D027004FDF86 /* MainWindowViewController.xib */,
				2970CF3F1D93C689004FDF86 /* AppDelegate.h */,
				2970CF401D93C689004FDF86 /* AppDelegate.m */,
				2970CF451D93C689004FDF86 /* Assets.xcassets */,
				2970CF471D93C689004FDF86 /* MainMenu.xib */,
				2970CF4A1D93C689004FDF86 /* Info.plist */,
				2970CF421D93C689004FDF86 /* Supporting Files */,
			);
			path = CrashAnalyseTool;
			sourceTree = "<group>";
		};
		2970CF421D93C689004FDF86 /* Supporting Files */ = {
			isa = PBXGroup;
			children = (
				2970CF431D93C689004FDF86 /* main.m */,
			);
			name = "Supporting Files";
			sourceTree = "<group>";
		};
		2970CF521D93C689004FDF86 /* CrashAnalyseToolUITests */ = {
			isa = PBXGroup;
			children = (
				2970CF531D93C689004FDF86 /* CrashAnalyseToolUITests.m */,
				2970CF551D93C689004FDF86 /* Info.plist */,
			);
			path = CrashAnalyseToolUITests;
			sourceTree = "<group>";
		};
/* End PBXGroup section */

/* Begin PBXNativeTarget section */
		2970CF3B1D93C689004FDF86 /* CrashAnalyseTool */ = {
			isa = PBXNativeTarget;
			buildConfigurationList = 2970CF581D93C689004FDF86 /* Build configuration list for PBXNativeTarget "CrashAnalyseTool" */;
			buildPhases = (
				2970CF381D93C689004FDF86 /* Sources */,
				2970CF391D93C689004FDF86 /* Frameworks */,
				2970CF3A1D93C689004FDF86 /* Resources */,
			);
			buildRules = (
			);
			dependencies = (
			);
			name = CrashAnalyseTool;
			productName = CrashAnalyseTool;
			productReference = 2970CF3C1D93C689004FDF86 /* CrashAnalyseTool.app */;
			productType = "com.apple.product-type.application";
		};
		2970CF4E1D93C689004FDF86 /* CrashAnalyseToolUITests */ = {
			isa = PBXNativeTarget;
			buildConfigurationList = 2970CF5B1D93C689004FDF86 /* Build configuration list for PBXNativeTarget "CrashAnalyseToolUITests" */;
			buildPhases = (
				2970CF4B1D93C689004FDF86 /* Sources */,
				2970CF4C1D93C689004FDF86 /* Frameworks */,
				2970CF4D1D93C689004FDF86 /* Resources */,
			);
			buildRules = (
			);
			dependencies = (
				2970CF511D93C689004FDF86 /* PBXTargetDependency */,
			);
			name = CrashAnalyseToolUITests;
			productName = CrashAnalyseToolUITests;
			productReference = 2970CF4F1D93C689004FDF86 /* CrashAnalyseToolUITests.xctest */;
			productType = "com.apple.product-type.bundle.ui-testing";
		};
/* End PBXNativeTarget section */

/* Begin PBXProject section */
		2970CF341D93C689004FDF86 /* Project object */ = {
			isa = PBXProject;
			attributes = {
				LastUpgradeCheck = 0800;
				ORGANIZATIONNAME = com.jsonmess.CrashAnalyseTool;
				TargetAttributes = {
					2970CF3B1D93C689004FDF86 = {
						CreatedOnToolsVersion = 8.0;
						DevelopmentTeam = 3446VRGUPG;
						ProvisioningStyle = Automatic;
					};
					2970CF4E1D93C689004FDF86 = {
						CreatedOnToolsVersion = 8.0;
						DevelopmentTeam = 3446VRGUPG;
						ProvisioningStyle = Automatic;
						TestTargetID = 2970CF3B1D93C689004FDF86;
					};
				};
			};
			buildConfigurationList = 2970CF371D93C689004FDF86 /* Build configuration list for PBXProject "CrashAnalyseTool" */;
			compatibilityVersion = "Xcode 3.2";
			developmentRegion = English;
			hasScannedForEncodings = 0;
			knownRegions = (
				en,
				Base,
			);
			mainGroup = 2970CF331D93C689004FDF86;
			productRefGroup = 2970CF3D1D93C689004FDF86 /* Products */;
			projectDirPath = "";
			projectRoot = "";
			targets = (
				2970CF3B1D93C689004FDF86 /* CrashAnalyseTool */,
				2970CF4E1D93C689004FDF86 /* CrashAnalyseToolUITests */,
			);
		};
/* End PBXProject section */

/* Begin PBXResourcesBuildPhase section */
		2970CF3A1D93C689004FDF86 /* Resources */ = {
			isa = PBXResourcesBuildPhase;
			buildActionMask = 2147483647;
			files = (
				2970CF461D93C689004FDF86 /* Assets.xcassets in Resources */,
				2970CF651D93D027004FDF86 /* MainWindowViewController.xib in Resources */,
				2970CF491D93C689004FDF86 /* MainMenu.xib in Resources */,
			);
			runOnlyForDeploymentPostprocessing = 0;
		};
		2970CF4D1D93C689004FDF86 /* Resources */ = {
			isa = PBXResourcesBuildPhase;
			buildActionMask = 2147483647;
			files = (
			);
			runOnlyForDeploymentPostprocessing = 0;
		};
/* End PBXResourcesBuildPhase section */

/* Begin PBXSourcesBuildPhase section */
		2970CF381D93C689004FDF86 /* Sources */ = {
			isa = PBXSourcesBuildPhase;
			buildActionMask = 2147483647;
			files = (
				2970CF441D93C689004FDF86 /* main.m in Sources */,
				2970CF631D93C8FF004FDF86 /* MainWindowViewController.m in Sources */,
				2970CF411D93C689004FDF86 /* AppDelegate.m in Sources */,
				2970CF601D93C7EE004FDF86 /* DragDropView.m in Sources */,
			);
			runOnlyForDeploymentPostprocessing = 0;
		};
		2970CF4B1D93C689004FDF86 /* Sources */ = {
			isa = PBXSourcesBuildPhase;
			buildActionMask = 2147483647;
			files = (
				2970CF541D93C689004FDF86 /* CrashAnalyseToolUITests.m in Sources */,
			);
			runOnlyForDeploymentPostprocessing = 0;
		};
/* End PBXSourcesBuildPhase section */

/* Begin PBXTargetDependency section */
		2970CF511D93C689004FDF86 /* PBXTargetDependency */ = {
			isa = PBXTargetDependency;
			target = 2970CF3B1D93C689004FDF86 /* CrashAnalyseTool */;
			targetProxy = 2970CF501D93C689004FDF86 /* PBXContainerItemProxy */;
		};
/* End PBXTargetDependency section */

/* Begin PBXVariantGroup section */
		2970CF471D93C689004FDF86 /* MainMenu.xib */ = {
			isa = PBXVariantGroup;
			children = (
				2970CF481D93C689004FDF86 /* Base */,
			);
			name = MainMenu.xib;
			sourceTree = "<group>";
		};
/* End PBXVariantGroup section */

/* Begin XCBuildConfiguration section */
		2970CF561D93C689004FDF86 /* Debug */ = {
			isa = XCBuildConfiguration;
			buildSettings = {
				ALWAYS_SEARCH_USER_PATHS = NO;
				CLANG_ANALYZER_NONNULL = YES;
				CLANG_CXX_LANGUAGE_STANDARD = "gnu++0x";
				CLANG_CXX_LIBRARY = "libc++";
				CLANG_ENABLE_MODULES = YES;
				CLANG_ENABLE_OBJC_ARC = YES;
				CLANG_WARN_BOOL_CONVERSION = YES;
				CLANG_WARN_CONSTANT_CONVERSION = YES;
				CLANG_WARN_DIRECT_OBJC_ISA_USAGE = YES_ERROR;
				CLANG_WARN_DOCUMENTATION_COMMENTS = YES;
				CLANG_WARN_EMPTY_BODY = YES;
				CLANG_WARN_ENUM_CONVERSION = YES;
				CLANG_WARN_INFINITE_RECURSION = YES;
				CLANG_WARN_INT_CONVERSION = YES;
				CLANG_WARN_OBJC_ROOT_CLASS = YES_ERROR;
				CLANG_WARN_SUSPICIOUS_MOVES = YES;
				CLANG_WARN_UNREACHABLE_CODE = YES;
				CLANG_WARN__DUPLICATE_METHOD_MATCH = YES;
				CODE_SIGN_IDENTITY = "-";
				COPY_PHASE_STRIP = NO;
				DEBUG_INFORMATION_FORMAT = dwarf;
				ENABLE_STRICT_OBJC_MSGSEND = YES;
				ENABLE_TESTABILITY = YES;
				GCC_C_LANGUAGE_STANDARD = gnu99;
				GCC_DYNAMIC_NO_PIC = NO;
				GCC_NO_COMMON_BLOCKS = YES;
				GCC_OPTIMIZATION_LEVEL = 0;
				GCC_PREPROCESSOR_DEFINITIONS = (
					"DEBUG=1",
					"$(inherited)",
				);
				GCC_WARN_64_TO_32_BIT_CONVERSION = YES;
				GCC_WARN_ABOUT_RETURN_TYPE = YES_ERROR;
				GCC_WARN_UNDECLARED_SELECTOR = YES;
				GCC_WARN_UNINITIALIZED_AUTOS = YES_AGGRESSIVE;
				GCC_WARN_UNUSED_FUNCTION = YES;
				GCC_WARN_UNUSED_VARIABLE = YES;
				MACOSX_DEPLOYMENT_TARGET = 10.11;
				MTL_ENABLE_DEBUG_INFO = YES;
				ONLY_ACTIVE_ARCH = YES;
				SDKROOT = macosx;
			};
			name = Debug;
		};
		2970CF571D93C689004FDF86 /* Release */ = {
			isa = XCBuildConfiguration;
			buildSettings = {
				ALWAYS_SEARCH_USER_PATHS = NO;
				CLANG_ANALYZER_NONNULL = YES;
				CLANG_CXX_LANGUAGE_STANDARD = "gnu++0x";
				CLANG_CXX_LIBRARY = "libc++";
				CLANG_ENABLE_MODULES = YES;
				CLANG_ENABLE_OBJC_ARC = YES;
				CLANG_WARN_BOOL_CONVERSION = YES;
				CLANG_WARN_CONSTANT_CONVERSION = YES;
				CLANG_WARN_DIRECT_OBJC_ISA_USAGE = YES_ERROR;
				CLANG_WARN_DOCUMENTATION_COMMENTS = YES;
				CLANG_WARN_EMPTY_BODY = YES;
				CLANG_WARN_ENUM_CONVERSION = YES;
				CLANG_WARN_INFINITE_RECURSION = YES;
				CLANG_WARN_INT_CONVERSION = YES;
				CLANG_WARN_OBJC_ROOT_CLASS = YES_ERROR;
				CLANG_WARN_SUSPICIOUS_MOVES = YES;
				CLANG_WARN_UNREACHABLE_CODE = YES;
				CLANG_WARN__DUPLICATE_METHOD_MATCH = YES;
				CODE_SIGN_IDENTITY = "-";
				COPY_PHASE_STRIP = NO;
				DEBUG_INFORMATION_FORMAT = "dwarf-with-dsym";
				ENABLE_NS_ASSERTIONS = NO;
				ENABLE_STRICT_OBJC_MSGSEND = YES;
				GCC_C_LANGUAGE_STANDARD = gnu99;
				GCC_NO_COMMON_BLOCKS = YES;
				GCC_WARN_64_TO_32_BIT_CONVERSION = YES;
				GCC_WARN_ABOUT_RETURN_TYPE = YES_ERROR;
				GCC_WARN_UNDECLARED_SELECTOR = YES;
				GCC_WARN_UNINITIALIZED_AUTOS = YES_AGGRESSIVE;
				GCC_WARN_UNUSED_FUNCTION = YES;
				GCC_WARN_UNUSED_VARIABLE = YES;
				MACOSX_DEPLOYMENT_TARGET = 10.11;
				MTL_ENABLE_DEBUG_INFO = NO;
				SDKROOT = macosx;
			};
			name = Release;
		};
		2970CF591D93C689004FDF86 /* Debug */ = {
			isa = XCBuildConfiguration;
			buildSettings = {
				ASSETCATALOG_COMPILER_APPICON_NAME = AppIcon;
				COMBINE_HIDPI_IMAGES = YES;
				DEVELOPMENT_TEAM = 3446VRGUPG;
				INFOPLIST_FILE = CrashAnalyseTool/Info.plist;
				LD_RUNPATH_SEARCH_PATHS = "$(inherited) @executable_path/../Frameworks";
				PRODUCT_BUNDLE_IDENTIFIER = com.jsonmess.CrashAnalyseTool;
				PRODUCT_NAME = "$(TARGET_NAME)";
			};
			name = Debug;
		};
		2970CF5A1D93C689004FDF86 /* Release */ = {
			isa = XCBuildConfiguration;
			buildSettings = {
				ASSETCATALOG_COMPILER_APPICON_NAME = AppIcon;
				COMBINE_HIDPI_IMAGES = YES;
				DEVELOPMENT_TEAM = 3446VRGUPG;
				INFOPLIST_FILE = CrashAnalyseTool/Info.plist;
				LD_RUNPATH_SEARCH_PATHS = "$(inherited) @executable_path/../Frameworks";
				PRODUCT_BUNDLE_IDENTIFIER = com.jsonmess.CrashAnalyseTool;
				PRODUCT_NAME = "$(TARGET_NAME)";
			};
			name = Release;
		};
		2970CF5C1D93C689004FDF86 /* Debug */ = {
			isa = XCBuildConfiguration;
			buildSettings = {
				COMBINE_HIDPI_IMAGES = YES;
				DEVELOPMENT_TEAM = 3446VRGUPG;
				INFOPLIST_FILE = CrashAnalyseToolUITests/Info.plist;
				LD_RUNPATH_SEARCH_PATHS = "$(inherited) @executable_path/../Frameworks @loader_path/../Frameworks";
				PRODUCT_BUNDLE_IDENTIFIER = com.jsonmess.CrashAnalyseToolUITests;
				PRODUCT_NAME = "$(TARGET_NAME)";
				TEST_TARGET_NAME = CrashAnalyseTool;
			};
			name = Debug;
		};
		2970CF5D1D93C689004FDF86 /* Release */ = {
			isa = XCBuildConfiguration;
			buildSettings = {
				COMBINE_HIDPI_IMAGES = YES;
				DEVELOPMENT_TEAM = 3446VRGUPG;
				INFOPLIST_FILE = CrashAnalyseToolUITests/Info.plist;
				LD_RUNPATH_SEARCH_PATHS = "$(inherited) @executable_path/../Frameworks @loader_path/../Frameworks";
				PRODUCT_BUNDLE_IDENTIFIER = com.jsonmess.CrashAnalyseToolUITests;
				PRODUCT_NAME = "$(TARGET_NAME)";
				TEST_TARGET_NAME = CrashAnalyseTool;
			};
			name = Release;
		};
/* End XCBuildConfiguration section */

/* Begin XCConfigurationList section */
		2970CF371D93C689004FDF86 /* Build configuration list for PBXProject "CrashAnalyseTool" */ = {
			isa = XCConfigurationList;
			buildConfigurations = (
				2970CF561D93C689004FDF86 /* Debug */,
				2970CF571D93C689004FDF86 /* Release */,
			);
			defaultConfigurationIsVisible = 0;
			defaultConfigurationName = Release;
		};
		2970CF581D93C689004FDF86 /* Build configuration list for PBXNativeTarget "CrashAnalyseTool" */ = {
			isa = XCConfigurationList;
			buildConfigurations = (
				2970CF591D93C689004FDF86 /* Debug */,
				2970CF5A1D93C689004FDF86 /* Release */,
			);
			defaultConfigurationIsVisible = 0;
			defaultConfigurationName = Release;
		};
		2970CF5B1D93C689004FDF86 /* Build configuration list for PBXNativeTarget "CrashAnalyseToolUITests" */ = {
			isa = XCConfigurationList;
			buildConfigurations = (
				2970CF5C1D93C689004FDF86 /* Debug */,
				2970CF5D1D93C689004FDF86 /* Release */,
			);
			defaultConfigurationIsVisible = 0;
			defaultConfigurationName = Release;
		};
/* End XCConfigurationList section */
	};
	rootObject = 2970CF341D93C689004FDF86 /* Project object */;
}
